
Microsoft Visual Studio Solution File, Format Version 12.00
# Visual Studio Version 17
VisualStudioVersion = 17.4.33122.133
MinimumVisualStudioVersion = 10.0.40219.1
Project("{FAE04EC0-301F-11D3-BF4B-00C04F79EFBC}") = "masterProject", "masterProject\masterProject.csproj", "{1B83E6C4-4CE2-4127-AC28-0352D73A311A}"
EndProject
Global
	GlobalSection(SolutionConfigurationPlatforms) = preSolution
		Debug|Any CPU = Debug|Any CPU
		Release|Any CPU = Release|Any CPU
	EndGlobalSection
	GlobalSection(ProjectConfigurationPlatforms) = postSolution
		{1B83E6C4-4CE2-4127-AC28-0352D73A311A}.Debug|Any CPU.ActiveCfg = Debug|Any CPU
		{1B83E6C4-4CE2-4127-AC28-0352D73A311A}.Debug|Any CPU.Build.0 = Debug|Any CPU
		{1B83E6C4-4CE2-4127-AC28-0352D73A311A}.Release|Any CPU.ActiveCfg = Release|Any CPU
		{1B83E6C4-4CE2-4127-AC28-0352D73A311A}.Release|Any CPU.Build.0 = Release|Any CPU
	EndGlobalSection
	GlobalSection(SolutionProperties) = preSolution
		HideSolutionNode = FALSE
	EndGlobalSection
	GlobalSection(ExtensibilityGlobals) = postSolution
		SolutionGuid = {3C0E13AB-51BC-49E1-8FFF-2D788ED88C94}
	EndGlobalSection
EndGlobal
