
Microsoft Visual Studio Solution File, Format Version 12.00
# Visual Studio Version 17
VisualStudioVersion = 17.4.33110.190
MinimumVisualStudioVersion = 10.0.40219.1
Project("{FAE04EC0-301F-11D3-BF4B-00C04F79EFBC}") = "Master_Project", "Master_Project.csproj", "{038BECE8-206A-466A-BF97-3BE9DD4B0EA7}"
EndProject
Global
	GlobalSection(SolutionConfigurationPlatforms) = preSolution
		Debug|Any CPU = Debug|Any CPU
		Release|Any CPU = Release|Any CPU
	EndGlobalSection
	GlobalSection(ProjectConfigurationPlatforms) = postSolution
		{038BECE8-206A-466A-BF97-3BE9DD4B0EA7}.Debug|Any CPU.ActiveCfg = Debug|Any CPU
		{038BECE8-206A-466A-BF97-3BE9DD4B0EA7}.Debug|Any CPU.Build.0 = Debug|Any CPU
		{038BECE8-206A-466A-BF97-3BE9DD4B0EA7}.Release|Any CPU.ActiveCfg = Release|Any CPU
		{038BECE8-206A-466A-BF97-3BE9DD4B0EA7}.Release|Any CPU.Build.0 = Release|Any CPU
	EndGlobalSection
	GlobalSection(SolutionProperties) = preSolution
		HideSolutionNode = FALSE
	EndGlobalSection
	GlobalSection(ExtensibilityGlobals) = postSolution
		SolutionGuid = {2F4D3518-BAB3-4F13-8B99-44E86E7DFDDF}
	EndGlobalSection
EndGlobal
